
Microsoft Visual Studio Solution File, Format Version 12.00
# Visual Studio 15
VisualStudioVersion = 15.0.28307.421
MinimumVisualStudioVersion = 10.0.40219.1
Project("{FAE04EC0-301F-11D3-BF4B-00C04F79EFBC}") = "PreParcial1", "PreParcial1\PreParcial1.csproj", "{3072DB1D-EB65-4A20-A932-3B5C8A4ED0A2}"
EndProject
Project("{FAE04EC0-301F-11D3-BF4B-00C04F79EFBC}") = "PreParcial1.Tests", "PreParcial1.Tests\PreParcial1.Tests.csproj", "{F9709A7C-E64F-4970-9C6D-1715E43C54CD}"
EndProject
Global
	GlobalSection(SolutionConfigurationPlatforms) = preSolution
		Debug|Any CPU = Debug|Any CPU
		Release|Any CPU = Release|Any CPU
	EndGlobalSection
	GlobalSection(ProjectConfigurationPlatforms) = postSolution
		{3072DB1D-EB65-4A20-A932-3B5C8A4ED0A2}.Debug|Any CPU.ActiveCfg = Debug|Any CPU
		{3072DB1D-EB65-4A20-A932-3B5C8A4ED0A2}.Debug|Any CPU.Build.0 = Debug|Any CPU
		{3072DB1D-EB65-4A20-A932-3B5C8A4ED0A2}.Release|Any CPU.ActiveCfg = Release|Any CPU
		{3072DB1D-EB65-4A20-A932-3B5C8A4ED0A2}.Release|Any CPU.Build.0 = Release|Any CPU
		{F9709A7C-E64F-4970-9C6D-1715E43C54CD}.Debug|Any CPU.ActiveCfg = Debug|Any CPU
		{F9709A7C-E64F-4970-9C6D-1715E43C54CD}.Debug|Any CPU.Build.0 = Debug|Any CPU
		{F9709A7C-E64F-4970-9C6D-1715E43C54CD}.Release|Any CPU.ActiveCfg = Release|Any CPU
		{F9709A7C-E64F-4970-9C6D-1715E43C54CD}.Release|Any CPU.Build.0 = Release|Any CPU
	EndGlobalSection
	GlobalSection(SolutionProperties) = preSolution
		HideSolutionNode = FALSE
	EndGlobalSection
	GlobalSection(ExtensibilityGlobals) = postSolution
		SolutionGuid = {7A55D4F6-7D47-4AC5-BA7E-BBBE49C04044}
	EndGlobalSection
EndGlobal
